
Microsoft Visual Studio Solution File, Format Version 12.00
Project("{2150E333-8FDC-42A3-9474-1A3956D46DE8}") = "src", "src", "{FCA3E171-BBEC-4DD9-87BC-F75177C7EBE0}"
EndProject
Project("{2150E333-8FDC-42A3-9474-1A3956D46DE8}") = "tests", "tests", "{2F0FB414-49C9-4FDF-81E4-0E6848EAC846}"
EndProject
Project("{FAE04EC0-301F-11D3-BF4B-00C04F79EFBC}") = "Models", "Models\Models.csproj", "{90029265-3C7D-4FC6-9329-E5D3606C601A}"
EndProject
Project("{FAE04EC0-301F-11D3-BF4B-00C04F79EFBC}") = "Database", "Database\Database.csproj", "{57EE97A5-5F6B-4EF1-B4A1-1AB4DC09F8E3}"
EndProject
Project("{FAE04EC0-301F-11D3-BF4B-00C04F79EFBC}") = "Application", "Application\Application.csproj", "{5EA67D21-6D72-485C-9F88-D5B119A23B25}"
EndProject
Project("{FAE04EC0-301F-11D3-BF4B-00C04F79EFBC}") = "Api", "Api\Api.csproj", "{810535F5-44AD-4CE4-BF18-F3CD5C2F36A4}"
EndProject
Project("{FAE04EC0-301F-11D3-BF4B-00C04F79EFBC}") = "UnitTests", "UnitTests\UnitTests.csproj", "{C5895E9C-5F7F-47EB-875F-CB656981772E}"
EndProject
Global
	GlobalSection(SolutionConfigurationPlatforms) = preSolution
		Debug|Any CPU = Debug|Any CPU
		Release|Any CPU = Release|Any CPU
	EndGlobalSection
	GlobalSection(ProjectConfigurationPlatforms) = postSolution
		{90029265-3C7D-4FC6-9329-E5D3606C601A}.Debug|Any CPU.ActiveCfg = Debug|Any CPU
		{90029265-3C7D-4FC6-9329-E5D3606C601A}.Debug|Any CPU.Build.0 = Debug|Any CPU
		{90029265-3C7D-4FC6-9329-E5D3606C601A}.Release|Any CPU.ActiveCfg = Release|Any CPU
		{90029265-3C7D-4FC6-9329-E5D3606C601A}.Release|Any CPU.Build.0 = Release|Any CPU
		{57EE97A5-5F6B-4EF1-B4A1-1AB4DC09F8E3}.Debug|Any CPU.ActiveCfg = Debug|Any CPU
		{57EE97A5-5F6B-4EF1-B4A1-1AB4DC09F8E3}.Debug|Any CPU.Build.0 = Debug|Any CPU
		{57EE97A5-5F6B-4EF1-B4A1-1AB4DC09F8E3}.Release|Any CPU.ActiveCfg = Release|Any CPU
		{57EE97A5-5F6B-4EF1-B4A1-1AB4DC09F8E3}.Release|Any CPU.Build.0 = Release|Any CPU
		{5EA67D21-6D72-485C-9F88-D5B119A23B25}.Debug|Any CPU.ActiveCfg = Debug|Any CPU
		{5EA67D21-6D72-485C-9F88-D5B119A23B25}.Debug|Any CPU.Build.0 = Debug|Any CPU
		{5EA67D21-6D72-485C-9F88-D5B119A23B25}.Release|Any CPU.ActiveCfg = Release|Any CPU
		{5EA67D21-6D72-485C-9F88-D5B119A23B25}.Release|Any CPU.Build.0 = Release|Any CPU
		{810535F5-44AD-4CE4-BF18-F3CD5C2F36A4}.Debug|Any CPU.ActiveCfg = Debug|Any CPU
		{810535F5-44AD-4CE4-BF18-F3CD5C2F36A4}.Debug|Any CPU.Build.0 = Debug|Any CPU
		{810535F5-44AD-4CE4-BF18-F3CD5C2F36A4}.Release|Any CPU.ActiveCfg = Release|Any CPU
		{810535F5-44AD-4CE4-BF18-F3CD5C2F36A4}.Release|Any CPU.Build.0 = Release|Any CPU
		{C5895E9C-5F7F-47EB-875F-CB656981772E}.Debug|Any CPU.ActiveCfg = Debug|Any CPU
		{C5895E9C-5F7F-47EB-875F-CB656981772E}.Debug|Any CPU.Build.0 = Debug|Any CPU
		{C5895E9C-5F7F-47EB-875F-CB656981772E}.Release|Any CPU.ActiveCfg = Release|Any CPU
		{C5895E9C-5F7F-47EB-875F-CB656981772E}.Release|Any CPU.Build.0 = Release|Any CPU
	EndGlobalSection
	GlobalSection(NestedProjects) = preSolution
		{90029265-3C7D-4FC6-9329-E5D3606C601A} = {FCA3E171-BBEC-4DD9-87BC-F75177C7EBE0}
		{57EE97A5-5F6B-4EF1-B4A1-1AB4DC09F8E3} = {FCA3E171-BBEC-4DD9-87BC-F75177C7EBE0}
		{5EA67D21-6D72-485C-9F88-D5B119A23B25} = {FCA3E171-BBEC-4DD9-87BC-F75177C7EBE0}
		{810535F5-44AD-4CE4-BF18-F3CD5C2F36A4} = {FCA3E171-BBEC-4DD9-87BC-F75177C7EBE0}
		{C5895E9C-5F7F-47EB-875F-CB656981772E} = {2F0FB414-49C9-4FDF-81E4-0E6848EAC846}
	EndGlobalSection
EndGlobal
